// !$*UTF8*$!
{
	archiveVersion = 1;
	classes = {
	};
	objectVersion = 46;
	objects = {

/* Begin PBXBuildFile section */
		00BB33B671F6D9B292E686BC /* Pods_SwiftTestUITests.framework in Frameworks */ = {isa = PBXBuildFile; fileRef = AFCBB804477D05B03E26F04B /* Pods_SwiftTestUITests.framework */; };
		490F637D79C9A0CFC9A5C614 /* Pods_SwiftTest.framework in Frameworks */ = {isa = PBXBuildFile; fileRef = 24E58DB86092D3E7F788CB33 /* Pods_SwiftTest.framework */; };
		75586DF992987680812DB3D2 /* Pods_SwiftTestTests.framework in Frameworks */ = {isa = PBXBuildFile; fileRef = 3B781CF34C44F6338F89D327 /* Pods_SwiftTestTests.framework */; };
		CD5948771E5C6EE100B6B58C /* Define.swift in Sources */ = {isa = PBXBuildFile; fileRef = CD5948761E5C6EE000B6B58C /* Define.swift */; };
		CD5948791E5C73A000B6B58C /* Character.swift in Sources */ = {isa = PBXBuildFile; fileRef = CD5948781E5C73A000B6B58C /* Character.swift */; };
		CD7C06AC1E594E8800B80DDD /* Default-568h@2x.png in Resources */ = {isa = PBXBuildFile; fileRef = CD7C06AB1E594E8800B80DDD /* Default-568h@2x.png */; };
		CD7C06B41E59958F00B80DDD /* CallDetailVC.swift in Sources */ = {isa = PBXBuildFile; fileRef = CD7C06B21E59958F00B80DDD /* CallDetailVC.swift */; };
		CD7C06B51E59958F00B80DDD /* CallDetailVC.xib in Resources */ = {isa = PBXBuildFile; fileRef = CD7C06B31E59958F00B80DDD /* CallDetailVC.xib */; };
		CD7C06B81E59AA6400B80DDD /* call.mp3 in Resources */ = {isa = PBXBuildFile; fileRef = CD7C06B71E59AA6400B80DDD /* call.mp3 */; };
		CD7C06BC1E59C36600B80DDD /* talk1.mp3 in Resources */ = {isa = PBXBuildFile; fileRef = CD7C06B91E59C36600B80DDD /* talk1.mp3 */; };
		CD7C06BD1E59C36600B80DDD /* talk2.mp3 in Resources */ = {isa = PBXBuildFile; fileRef = CD7C06BA1E59C36600B80DDD /* talk2.mp3 */; };
		CD7C06BE1E59C36600B80DDD /* talk3.mp3 in Resources */ = {isa = PBXBuildFile; fileRef = CD7C06BB1E59C36600B80DDD /* talk3.mp3 */; };
		CDC91CB11E5731EF00F4D6BF /* Assets.xcassets in Resources */ = {isa = PBXBuildFile; fileRef = CDC91CB01E5731EF00F4D6BF /* Assets.xcassets */; };
		CDC91CBF1E5731F000F4D6BF /* SwiftTestTests.swift in Sources */ = {isa = PBXBuildFile; fileRef = CDC91CBE1E5731F000F4D6BF /* SwiftTestTests.swift */; };
		CDC91CCA1E5731F000F4D6BF /* SwiftTestUITests.swift in Sources */ = {isa = PBXBuildFile; fileRef = CDC91CC91E5731F000F4D6BF /* SwiftTestUITests.swift */; };
		CDC91CEB1E57376C00F4D6BF /* AppDelegate.swift in Sources */ = {isa = PBXBuildFile; fileRef = CDC91CEA1E57376C00F4D6BF /* AppDelegate.swift */; };
		CDFE104D1E5891BD0017237D /* HomeVC.swift in Sources */ = {isa = PBXBuildFile; fileRef = CDFE104C1E5891BD0017237D /* HomeVC.swift */; };
		CDFE10511E58991F0017237D /* HomeVC.xib in Resources */ = {isa = PBXBuildFile; fileRef = CDFE10501E58991F0017237D /* HomeVC.xib */; };
		CDFE10531E5929630017237D /* HomeCell.swift in Sources */ = {isa = PBXBuildFile; fileRef = CDFE10521E5929630017237D /* HomeCell.swift */; };
		CDFE10551E59297F0017237D /* HomeCell.xib in Resources */ = {isa = PBXBuildFile; fileRef = CDFE10541E59297F0017237D /* HomeCell.xib */; };
/* End PBXBuildFile section */

/* Begin PBXContainerItemProxy section */
		CDC91CBB1E5731F000F4D6BF /* PBXContainerItemProxy */ = {
			isa = PBXContainerItemProxy;
			containerPortal = CDC91C9E1E5731EF00F4D6BF /* Project object */;
			proxyType = 1;
			remoteGlobalIDString = CDC91CA51E5731EF00F4D6BF;
			remoteInfo = SwiftTest;
		};
		CDC91CC61E5731F000F4D6BF /* PBXContainerItemProxy */ = {
			isa = PBXContainerItemProxy;
			containerPortal = CDC91C9E1E5731EF00F4D6BF /* Project object */;
			proxyType = 1;
			remoteGlobalIDString = CDC91CA51E5731EF00F4D6BF;
			remoteInfo = SwiftTest;
		};
/* End PBXContainerItemProxy section */

/* Begin PBXFileReference section */
		24E58DB86092D3E7F788CB33 /* Pods_SwiftTest.framework */ = {isa = PBXFileReference; explicitFileType = wrapper.framework; includeInIndex = 0; path = Pods_SwiftTest.framework; sourceTree = BUILT_PRODUCTS_DIR; };
		3B781CF34C44F6338F89D327 /* Pods_SwiftTestTests.framework */ = {isa = PBXFileReference; explicitFileType = wrapper.framework; includeInIndex = 0; path = Pods_SwiftTestTests.framework; sourceTree = BUILT_PRODUCTS_DIR; };
		3D84C56AAF854C3E6F6D19EC /* Pods-SwiftTest.debug.xcconfig */ = {isa = PBXFileReference; includeInIndex = 1; lastKnownFileType = text.xcconfig; name = "Pods-SwiftTest.debug.xcconfig"; path = "Pods/Target Support Files/Pods-SwiftTest/Pods-SwiftTest.debug.xcconfig"; sourceTree = "<group>"; };
		77640176CCDEBFE2454B4E0E /* Pods-SwiftTestUITests.release.xcconfig */ = {isa = PBXFileReference; includeInIndex = 1; lastKnownFileType = text.xcconfig; name = "Pods-SwiftTestUITests.release.xcconfig"; path = "Pods/Target Support Files/Pods-SwiftTestUITests/Pods-SwiftTestUITests.release.xcconfig"; sourceTree = "<group>"; };
		8054C254C6DD9111CB72628B /* Pods-SwiftTestUITests.debug.xcconfig */ = {isa = PBXFileReference; includeInIndex = 1; lastKnownFileType = text.xcconfig; name = "Pods-SwiftTestUITests.debug.xcconfig"; path = "Pods/Target Support Files/Pods-SwiftTestUITests/Pods-SwiftTestUITests.debug.xcconfig"; sourceTree = "<group>"; };
		8B3F94001AAF11A055A74D20 /* Pods-SwiftTestTests.release.xcconfig */ = {isa = PBXFileReference; includeInIndex = 1; lastKnownFileType = text.xcconfig; name = "Pods-SwiftTestTests.release.xcconfig"; path = "Pods/Target Support Files/Pods-SwiftTestTests/Pods-SwiftTestTests.release.xcconfig"; sourceTree = "<group>"; };
		A2536BBA6E6559566794EE3D /* Pods-SwiftTestTests.debug.xcconfig */ = {isa = PBXFileReference; includeInIndex = 1; lastKnownFileType = text.xcconfig; name = "Pods-SwiftTestTests.debug.xcconfig"; path = "Pods/Target Support Files/Pods-SwiftTestTests/Pods-SwiftTestTests.debug.xcconfig"; sourceTree = "<group>"; };
		AFCBB804477D05B03E26F04B /* Pods_SwiftTestUITests.framework */ = {isa = PBXFileReference; explicitFileType = wrapper.framework; includeInIndex = 0; path = Pods_SwiftTestUITests.framework; sourceTree = BUILT_PRODUCTS_DIR; };
		CD5948761E5C6EE000B6B58C /* Define.swift */ = {isa = PBXFileReference; fileEncoding = 4; lastKnownFileType = sourcecode.swift; path = Define.swift; sourceTree = "<group>"; };
		CD5948781E5C73A000B6B58C /* Character.swift */ = {isa = PBXFileReference; fileEncoding = 4; lastKnownFileType = sourcecode.swift; path = Character.swift; sourceTree = "<group>"; };
		CD7C06AB1E594E8800B80DDD /* Default-568h@2x.png */ = {isa = PBXFileReference; lastKnownFileType = image.png; path = "Default-568h@2x.png"; sourceTree = "<group>"; };
		CD7C06B21E59958F00B80DDD /* CallDetailVC.swift */ = {isa = PBXFileReference; fileEncoding = 4; lastKnownFileType = sourcecode.swift; path = CallDetailVC.swift; sourceTree = "<group>"; };
		CD7C06B31E59958F00B80DDD /* CallDetailVC.xib */ = {isa = PBXFileReference; fileEncoding = 4; lastKnownFileType = file.xib; path = CallDetailVC.xib; sourceTree = "<group>"; };
		CD7C06B71E59AA6400B80DDD /* call.mp3 */ = {isa = PBXFileReference; lastKnownFileType = audio.mp3; path = call.mp3; sourceTree = "<group>"; };
		CD7C06B91E59C36600B80DDD /* talk1.mp3 */ = {isa = PBXFileReference; lastKnownFileType = audio.mp3; path = talk1.mp3; sourceTree = "<group>"; };
		CD7C06BA1E59C36600B80DDD /* talk2.mp3 */ = {isa = PBXFileReference; lastKnownFileType = audio.mp3; path = talk2.mp3; sourceTree = "<group>"; };
		CD7C06BB1E59C36600B80DDD /* talk3.mp3 */ = {isa = PBXFileReference; lastKnownFileType = audio.mp3; path = talk3.mp3; sourceTree = "<group>"; };
		CDC91CA61E5731EF00F4D6BF /* SwiftTest.app */ = {isa = PBXFileReference; explicitFileType = wrapper.application; includeInIndex = 0; path = SwiftTest.app; sourceTree = BUILT_PRODUCTS_DIR; };
		CDC91CB01E5731EF00F4D6BF /* Assets.xcassets */ = {isa = PBXFileReference; lastKnownFileType = folder.assetcatalog; path = Assets.xcassets; sourceTree = "<group>"; };
		CDC91CB51E5731EF00F4D6BF /* Info.plist */ = {isa = PBXFileReference; lastKnownFileType = text.plist.xml; path = Info.plist; sourceTree = "<group>"; };
		CDC91CBA1E5731F000F4D6BF /* SwiftTestTests.xctest */ = {isa = PBXFileReference; explicitFileType = wrapper.cfbundle; includeInIndex = 0; path = SwiftTestTests.xctest; sourceTree = BUILT_PRODUCTS_DIR; };
		CDC91CBE1E5731F000F4D6BF /* SwiftTestTests.swift */ = {isa = PBXFileReference; lastKnownFileType = sourcecode.swift; path = SwiftTestTests.swift; sourceTree = "<group>"; };
		CDC91CC01E5731F000F4D6BF /* Info.plist */ = {isa = PBXFileReference; lastKnownFileType = text.plist.xml; path = Info.plist; sourceTree = "<group>"; };
		CDC91CC51E5731F000F4D6BF /* SwiftTestUITests.xctest */ = {isa = PBXFileReference; explicitFileType = wrapper.cfbundle; includeInIndex = 0; path = SwiftTestUITests.xctest; sourceTree = BUILT_PRODUCTS_DIR; };
		CDC91CC91E5731F000F4D6BF /* SwiftTestUITests.swift */ = {isa = PBXFileReference; lastKnownFileType = sourcecode.swift; path = SwiftTestUITests.swift; sourceTree = "<group>"; };
		CDC91CCB1E5731F000F4D6BF /* Info.plist */ = {isa = PBXFileReference; lastKnownFileType = text.plist.xml; path = Info.plist; sourceTree = "<group>"; };
		CDC91CEA1E57376C00F4D6BF /* AppDelegate.swift */ = {isa = PBXFileReference; fileEncoding = 4; lastKnownFileType = sourcecode.swift; path = AppDelegate.swift; sourceTree = "<group>"; };
		CDC91CF01E573CAE00F4D6BF /* SwiftTest-Bridging-Header.h */ = {isa = PBXFileReference; lastKnownFileType = sourcecode.c.h; path = "SwiftTest-Bridging-Header.h"; sourceTree = "<group>"; };
		CDFE104C1E5891BD0017237D /* HomeVC.swift */ = {isa = PBXFileReference; fileEncoding = 4; lastKnownFileType = sourcecode.swift; path = HomeVC.swift; sourceTree = "<group>"; };
		CDFE10501E58991F0017237D /* HomeVC.xib */ = {isa = PBXFileReference; fileEncoding = 4; lastKnownFileType = file.xib; path = HomeVC.xib; sourceTree = "<group>"; };
		CDFE10521E5929630017237D /* HomeCell.swift */ = {isa = PBXFileReference; fileEncoding = 4; lastKnownFileType = sourcecode.swift; path = HomeCell.swift; sourceTree = "<group>"; };
		CDFE10541E59297F0017237D /* HomeCell.xib */ = {isa = PBXFileReference; fileEncoding = 4; lastKnownFileType = file.xib; path = HomeCell.xib; sourceTree = "<group>"; };
		D6049119E23A96F17C252FAA /* Pods-SwiftTest.release.xcconfig */ = {isa = PBXFileReference; includeInIndex = 1; lastKnownFileType = text.xcconfig; name = "Pods-SwiftTest.release.xcconfig"; path = "Pods/Target Support Files/Pods-SwiftTest/Pods-SwiftTest.release.xcconfig"; sourceTree = "<group>"; };
/* End PBXFileReference section */

/* Begin PBXFrameworksBuildPhase section */
		CDC91CA31E5731EF00F4D6BF /* Frameworks */ = {
			isa = PBXFrameworksBuildPhase;
			buildActionMask = 2147483647;
			files = (
				490F637D79C9A0CFC9A5C614 /* Pods_SwiftTest.framework in Frameworks */,
			);
			runOnlyForDeploymentPostprocessing = 0;
		};
		CDC91CB71E5731F000F4D6BF /* Frameworks */ = {
			isa = PBXFrameworksBuildPhase;
			buildActionMask = 2147483647;
			files = (
				75586DF992987680812DB3D2 /* Pods_SwiftTestTests.framework in Frameworks */,
			);
			runOnlyForDeploymentPostprocessing = 0;
		};
		CDC91CC21E5731F000F4D6BF /* Frameworks */ = {
			isa = PBXFrameworksBuildPhase;
			buildActionMask = 2147483647;
			files = (
				00BB33B671F6D9B292E686BC /* Pods_SwiftTestUITests.framework in Frameworks */,
			);
			runOnlyForDeploymentPostprocessing = 0;
		};
/* End PBXFrameworksBuildPhase section */

/* Begin PBXGroup section */
		3983D91C1DF6E57650B63BBE /* Pods */ = {
			isa = PBXGroup;
			children = (
				3D84C56AAF854C3E6F6D19EC /* Pods-SwiftTest.debug.xcconfig */,
				D6049119E23A96F17C252FAA /* Pods-SwiftTest.release.xcconfig */,
				A2536BBA6E6559566794EE3D /* Pods-SwiftTestTests.debug.xcconfig */,
				8B3F94001AAF11A055A74D20 /* Pods-SwiftTestTests.release.xcconfig */,
				8054C254C6DD9111CB72628B /* Pods-SwiftTestUITests.debug.xcconfig */,
				77640176CCDEBFE2454B4E0E /* Pods-SwiftTestUITests.release.xcconfig */,
			);
			name = Pods;
			sourceTree = "<group>";
		};
		B4B6CEC8FF74B6311DE8C79D /* Frameworks */ = {
			isa = PBXGroup;
			children = (
				24E58DB86092D3E7F788CB33 /* Pods_SwiftTest.framework */,
				3B781CF34C44F6338F89D327 /* Pods_SwiftTestTests.framework */,
				AFCBB804477D05B03E26F04B /* Pods_SwiftTestUITests.framework */,
			);
			name = Frameworks;
			sourceTree = "<group>";
		};
		CD7C06B11E59957800B80DDD /* CallDetail */ = {
			isa = PBXGroup;
			children = (
				CD7C06B21E59958F00B80DDD /* CallDetailVC.swift */,
				CD7C06B31E59958F00B80DDD /* CallDetailVC.xib */,
			);
			path = CallDetail;
			sourceTree = "<group>";
		};
		CD7C06B61E59AA4700B80DDD /* Sound */ = {
			isa = PBXGroup;
			children = (
				CD7C06BA1E59C36600B80DDD /* talk2.mp3 */,
				CD7C06BB1E59C36600B80DDD /* talk3.mp3 */,
				CD7C06B71E59AA6400B80DDD /* call.mp3 */,
				CD7C06B91E59C36600B80DDD /* talk1.mp3 */,
			);
			path = Sound;
			sourceTree = "<group>";
		};
		CDC91C9D1E5731EF00F4D6BF = {
			isa = PBXGroup;
			children = (
				CD7C06AB1E594E8800B80DDD /* Default-568h@2x.png */,
				CDC91CA81E5731EF00F4D6BF /* SwiftTest */,
				CDC91CBD1E5731F000F4D6BF /* SwiftTestTests */,
				CDC91CC81E5731F000F4D6BF /* SwiftTestUITests */,
				CDC91CA71E5731EF00F4D6BF /* Products */,
				3983D91C1DF6E57650B63BBE /* Pods */,
				B4B6CEC8FF74B6311DE8C79D /* Frameworks */,
			);
			sourceTree = "<group>";
		};
		CDC91CA71E5731EF00F4D6BF /* Products */ = {
			isa = PBXGroup;
			children = (
				CDC91CA61E5731EF00F4D6BF /* SwiftTest.app */,
				CDC91CBA1E5731F000F4D6BF /* SwiftTestTests.xctest */,
				CDC91CC51E5731F000F4D6BF /* SwiftTestUITests.xctest */,
			);
			name = Products;
			sourceTree = "<group>";
		};
		CDC91CA81E5731EF00F4D6BF /* SwiftTest */ = {
			isa = PBXGroup;
			children = (
				CDC91CD71E57356500F4D6BF /* Controllers */,
				CDC91CDB1E57357900F4D6BF /* Controls */,
				CDC91CE51E57360500F4D6BF /* Define */,
				CDC91CE61E57360500F4D6BF /* Helpers */,
				CDC91CE71E57360500F4D6BF /* Library */,
				CDC91CE81E57360500F4D6BF /* Model */,
				CDC91CE11E5735E800F4D6BF /* Resources */,
				CDC91CE01E5735A700F4D6BF /* Services */,
				CDC91CDF1E57358F00F4D6BF /* Supports */,
				CDC91CB01E5731EF00F4D6BF /* Assets.xcassets */,
				CDC91CB51E5731EF00F4D6BF /* Info.plist */,
			);
			path = SwiftTest;
			sourceTree = "<group>";
		};
		CDC91CBD1E5731F000F4D6BF /* SwiftTestTests */ = {
			isa = PBXGroup;
			children = (
				CDC91CBE1E5731F000F4D6BF /* SwiftTestTests.swift */,
				CDC91CC01E5731F000F4D6BF /* Info.plist */,
			);
			path = SwiftTestTests;
			sourceTree = "<group>";
		};
		CDC91CC81E5731F000F4D6BF /* SwiftTestUITests */ = {
			isa = PBXGroup;
			children = (
				CDC91CC91E5731F000F4D6BF /* SwiftTestUITests.swift */,
				CDC91CCB1E5731F000F4D6BF /* Info.plist */,
			);
			path = SwiftTestUITests;
			sourceTree = "<group>";
		};
		CDC91CD71E57356500F4D6BF /* Controllers */ = {
			isa = PBXGroup;
			children = (
				CD7C06B11E59957800B80DDD /* CallDetail */,
				CDC91CD81E57356500F4D6BF /* Base */,
				CDC91CDA1E57356500F4D6BF /* Home */,
			);
			path = Controllers;
			sourceTree = "<group>";
		};
		CDC91CD81E57356500F4D6BF /* Base */ = {
			isa = PBXGroup;
			children = (
				CDC91CEA1E57376C00F4D6BF /* AppDelegate.swift */,
			);
			path = Base;
			sourceTree = "<group>";
		};
		CDC91CDA1E57356500F4D6BF /* Home */ = {
			isa = PBXGroup;
			children = (
				CDFE104C1E5891BD0017237D /* HomeVC.swift */,
				CDFE10501E58991F0017237D /* HomeVC.xib */,
				CDFE10521E5929630017237D /* HomeCell.swift */,
				CDFE10541E59297F0017237D /* HomeCell.xib */,
			);
			path = Home;
			sourceTree = "<group>";
		};
		CDC91CDB1E57357900F4D6BF /* Controls */ = {
			isa = PBXGroup;
			children = (
				CDC91CDC1E57357900F4D6BF /* Label */,
				CDC91CDD1E57357900F4D6BF /* TextField */,
				CDC91CDE1E57357900F4D6BF /* View */,
			);
			path = Controls;
			sourceTree = "<group>";
		};
		CDC91CDC1E57357900F4D6BF /* Label */ = {
			isa = PBXGroup;
			children = (
			);
			path = Label;
			sourceTree = "<group>";
		};
		CDC91CDD1E57357900F4D6BF /* TextField */ = {
			isa = PBXGroup;
			children = (
			);
			path = TextField;
			sourceTree = "<group>";
		};
		CDC91CDE1E57357900F4D6BF /* View */ = {
			isa = PBXGroup;
			children = (
			);
			path = View;
			sourceTree = "<group>";
		};
		CDC91CDF1E57358F00F4D6BF /* Supports */ = {
			isa = PBXGroup;
			children = (
				CDC91CF01E573CAE00F4D6BF /* SwiftTest-Bridging-Header.h */,
			);
			path = Supports;
			sourceTree = "<group>";
		};
		CDC91CE01E5735A700F4D6BF /* Services */ = {
			isa = PBXGroup;
			children = (
			);
			path = Services;
			sourceTree = "<group>";
		};
		CDC91CE11E5735E800F4D6BF /* Resources */ = {
			isa = PBXGroup;
			children = (
				CD7C06B61E59AA4700B80DDD /* Sound */,
				CDC91CE21E5735E800F4D6BF /* Fonts */,
				CDC91CE31E5735E800F4D6BF /* HTML */,
				CDC91CE41E5735E800F4D6BF /* Language */,
			);
			path = Resources;
			sourceTree = "<group>";
		};
		CDC91CE21E5735E800F4D6BF /* Fonts */ = {
			isa = PBXGroup;
			children = (
			);
			path = Fonts;
			sourceTree = "<group>";
		};
		CDC91CE31E5735E800F4D6BF /* HTML */ = {
			isa = PBXGroup;
			children = (
			);
			path = HTML;
			sourceTree = "<group>";
		};
		CDC91CE41E5735E800F4D6BF /* Language */ = {
			isa = PBXGroup;
			children = (
			);
			path = Language;
			sourceTree = "<group>";
		};
		CDC91CE51E57360500F4D6BF /* Define */ = {
			isa = PBXGroup;
			children = (
				CD5948761E5C6EE000B6B58C /* Define.swift */,
			);
			path = Define;
			sourceTree = "<group>";
		};
		CDC91CE61E57360500F4D6BF /* Helpers */ = {
			isa = PBXGroup;
			children = (
			);
			path = Helpers;
			sourceTree = "<group>";
		};
		CDC91CE71E57360500F4D6BF /* Library */ = {
			isa = PBXGroup;
			children = (
			);
			path = Library;
			sourceTree = "<group>";
		};
		CDC91CE81E57360500F4D6BF /* Model */ = {
			isa = PBXGroup;
			children = (
				CD5948781E5C73A000B6B58C /* Character.swift */,
			);
			path = Model;
			sourceTree = "<group>";
		};
/* End PBXGroup section */

/* Begin PBXNativeTarget section */
		CDC91CA51E5731EF00F4D6BF /* SwiftTest */ = {
			isa = PBXNativeTarget;
			buildConfigurationList = CDC91CCE1E5731F000F4D6BF /* Build configuration list for PBXNativeTarget "SwiftTest" */;
			buildPhases = (
				6C4223634654DF38FD426165 /* [CP] Check Pods Manifest.lock */,
				CDC91CA21E5731EF00F4D6BF /* Sources */,
				CDC91CA31E5731EF00F4D6BF /* Frameworks */,
				CDC91CA41E5731EF00F4D6BF /* Resources */,
				E88901F53809BED39CDF095B /* [CP] Embed Pods Frameworks */,
				0239461DF522F8FE17099235 /* [CP] Copy Pods Resources */,
			);
			buildRules = (
			);
			dependencies = (
			);
			name = SwiftTest;
			productName = SwiftTest;
			productReference = CDC91CA61E5731EF00F4D6BF /* SwiftTest.app */;
			productType = "com.apple.product-type.application";
		};
		CDC91CB91E5731F000F4D6BF /* SwiftTestTests */ = {
			isa = PBXNativeTarget;
			buildConfigurationList = CDC91CD11E5731F000F4D6BF /* Build configuration list for PBXNativeTarget "SwiftTestTests" */;
			buildPhases = (
				060E22276AB5FCDE23C2EC0A /* [CP] Check Pods Manifest.lock */,
				CDC91CB61E5731F000F4D6BF /* Sources */,
				CDC91CB71E5731F000F4D6BF /* Frameworks */,
				CDC91CB81E5731F000F4D6BF /* Resources */,
				466FA244C1F564D52282B94E /* [CP] Embed Pods Frameworks */,
				959E5803D34F182CF36F271E /* [CP] Copy Pods Resources */,
			);
			buildRules = (
			);
			dependencies = (
				CDC91CBC1E5731F000F4D6BF /* PBXTargetDependency */,
			);
			name = SwiftTestTests;
			productName = SwiftTestTests;
			productReference = CDC91CBA1E5731F000F4D6BF /* SwiftTestTests.xctest */;
			productType = "com.apple.product-type.bundle.unit-test";
		};
		CDC91CC41E5731F000F4D6BF /* SwiftTestUITests */ = {
			isa = PBXNativeTarget;
			buildConfigurationList = CDC91CD41E5731F000F4D6BF /* Build configuration list for PBXNativeTarget "SwiftTestUITests" */;
			buildPhases = (
				52D519DC7B1CF8DEF5203E13 /* [CP] Check Pods Manifest.lock */,
				CDC91CC11E5731F000F4D6BF /* Sources */,
				CDC91CC21E5731F000F4D6BF /* Frameworks */,
				CDC91CC31E5731F000F4D6BF /* Resources */,
				58C31DA7E42BE0A557D97523 /* [CP] Embed Pods Frameworks */,
				DFEC0EA93627B5497624439D /* [CP] Copy Pods Resources */,
			);
			buildRules = (
			);
			dependencies = (
				CDC91CC71E5731F000F4D6BF /* PBXTargetDependency */,
			);
			name = SwiftTestUITests;
			productName = SwiftTestUITests;
			productReference = CDC91CC51E5731F000F4D6BF /* SwiftTestUITests.xctest */;
			productType = "com.apple.product-type.bundle.ui-testing";
		};
/* End PBXNativeTarget section */

/* Begin PBXProject section */
		CDC91C9E1E5731EF00F4D6BF /* Project object */ = {
			isa = PBXProject;
			attributes = {
				LastSwiftUpdateCheck = 0820;
				LastUpgradeCheck = 0820;
				ORGANIZATIONNAME = "Nguyen Duc Tam";
				TargetAttributes = {
					CDC91CA51E5731EF00F4D6BF = {
						CreatedOnToolsVersion = 8.2.1;
						LastSwiftMigration = 0820;
						ProvisioningStyle = Automatic;
					};
					CDC91CB91E5731F000F4D6BF = {
						CreatedOnToolsVersion = 8.2.1;
						ProvisioningStyle = Automatic;
						TestTargetID = CDC91CA51E5731EF00F4D6BF;
					};
					CDC91CC41E5731F000F4D6BF = {
						CreatedOnToolsVersion = 8.2.1;
						ProvisioningStyle = Automatic;
						TestTargetID = CDC91CA51E5731EF00F4D6BF;
					};
				};
			};
			buildConfigurationList = CDC91CA11E5731EF00F4D6BF /* Build configuration list for PBXProject "SwiftTest" */;
			compatibilityVersion = "Xcode 3.2";
			developmentRegion = English;
			hasScannedForEncodings = 0;
			knownRegions = (
				en,
				Base,
			);
			mainGroup = CDC91C9D1E5731EF00F4D6BF;
			productRefGroup = CDC91CA71E5731EF00F4D6BF /* Products */;
			projectDirPath = "";
			projectRoot = "";
			targets = (
				CDC91CA51E5731EF00F4D6BF /* SwiftTest */,
				CDC91CB91E5731F000F4D6BF /* SwiftTestTests */,
				CDC91CC41E5731F000F4D6BF /* SwiftTestUITests */,
			);
		};
/* End PBXProject section */

/* Begin PBXResourcesBuildPhase section */
		CDC91CA41E5731EF00F4D6BF /* Resources */ = {
			isa = PBXResourcesBuildPhase;
			buildActionMask = 2147483647;
			files = (
				CDC91CB11E5731EF00F4D6BF /* Assets.xcassets in Resources */,
				CD7C06AC1E594E8800B80DDD /* Default-568h@2x.png in Resources */,
				CD7C06B81E59AA6400B80DDD /* call.mp3 in Resources */,
				CD7C06B51E59958F00B80DDD /* CallDetailVC.xib in Resources */,
				CDFE10551E59297F0017237D /* HomeCell.xib in Resources */,
				CD7C06BD1E59C36600B80DDD /* talk2.mp3 in Resources */,
				CD7C06BC1E59C36600B80DDD /* talk1.mp3 in Resources */,
				CDFE10511E58991F0017237D /* HomeVC.xib in Resources */,
				CD7C06BE1E59C36600B80DDD /* talk3.mp3 in Resources */,
			);
			runOnlyForDeploymentPostprocessing = 0;
		};
		CDC91CB81E5731F000F4D6BF /* Resources */ = {
			isa = PBXResourcesBuildPhase;
			buildActionMask = 2147483647;
			files = (
			);
			runOnlyForDeploymentPostprocessing = 0;
		};
		CDC91CC31E5731F000F4D6BF /* Resources */ = {
			isa = PBXResourcesBuildPhase;
			buildActionMask = 2147483647;
			files = (
			);
			runOnlyForDeploymentPostprocessing = 0;
		};
/* End PBXResourcesBuildPhase section */

/* Begin PBXShellScriptBuildPhase section */
		0239461DF522F8FE17099235 /* [CP] Copy Pods Resources */ = {
			isa = PBXShellScriptBuildPhase;
			buildActionMask = 2147483647;
			files = (
			);
			inputPaths = (
			);
			name = "[CP] Copy Pods Resources";
			outputPaths = (
			);
			runOnlyForDeploymentPostprocessing = 0;
			shellPath = /bin/sh;
			shellScript = "\"${SRCROOT}/Pods/Target Support Files/Pods-SwiftTest/Pods-SwiftTest-resources.sh\"\n";
			showEnvVarsInLog = 0;
		};
		060E22276AB5FCDE23C2EC0A /* [CP] Check Pods Manifest.lock */ = {
			isa = PBXShellScriptBuildPhase;
			buildActionMask = 2147483647;
			files = (
			);
			inputPaths = (
			);
			name = "[CP] Check Pods Manifest.lock";
			outputPaths = (
			);
			runOnlyForDeploymentPostprocessing = 0;
			shellPath = /bin/sh;
			shellScript = "diff \"${PODS_ROOT}/../Podfile.lock\" \"${PODS_ROOT}/Manifest.lock\" > /dev/null\nif [ $? != 0 ] ; then\n    # print error to STDERR\n    echo \"error: The sandbox is not in sync with the Podfile.lock. Run 'pod install' or update your CocoaPods installation.\" >&2\n    exit 1\nfi\n";
			showEnvVarsInLog = 0;
		};
		466FA244C1F564D52282B94E /* [CP] Embed Pods Frameworks */ = {
			isa = PBXShellScriptBuildPhase;
			buildActionMask = 2147483647;
			files = (
			);
			inputPaths = (
			);
			name = "[CP] Embed Pods Frameworks";
			outputPaths = (
			);
			runOnlyForDeploymentPostprocessing = 0;
			shellPath = /bin/sh;
			shellScript = "\"${SRCROOT}/Pods/Target Support Files/Pods-SwiftTestTests/Pods-SwiftTestTests-frameworks.sh\"\n";
			showEnvVarsInLog = 0;
		};
		52D519DC7B1CF8DEF5203E13 /* [CP] Check Pods Manifest.lock */ = {
			isa = PBXShellScriptBuildPhase;
			buildActionMask = 2147483647;
			files = (
			);
			inputPaths = (
			);
			name = "[CP] Check Pods Manifest.lock";
			outputPaths = (
			);
			runOnlyForDeploymentPostprocessing = 0;
			shellPath = /bin/sh;
			shellScript = "diff \"${PODS_ROOT}/../Podfile.lock\" \"${PODS_ROOT}/Manifest.lock\" > /dev/null\nif [ $? != 0 ] ; then\n    # print error to STDERR\n    echo \"error: The sandbox is not in sync with the Podfile.lock. Run 'pod install' or update your CocoaPods installation.\" >&2\n    exit 1\nfi\n";
			showEnvVarsInLog = 0;
		};
		58C31DA7E42BE0A557D97523 /* [CP] Embed Pods Frameworks */ = {
			isa = PBXShellScriptBuildPhase;
			buildActionMask = 2147483647;
			files = (
			);
			inputPaths = (
			);
			name = "[CP] Embed Pods Frameworks";
			outputPaths = (
			);
			runOnlyForDeploymentPostprocessing = 0;
			shellPath = /bin/sh;
			shellScript = "\"${SRCROOT}/Pods/Target Support Files/Pods-SwiftTestUITests/Pods-SwiftTestUITests-frameworks.sh\"\n";
			showEnvVarsInLog = 0;
		};
		6C4223634654DF38FD426165 /* [CP] Check Pods Manifest.lock */ = {
			isa = PBXShellScriptBuildPhase;
			buildActionMask = 2147483647;
			files = (
			);
			inputPaths = (
			);
			name = "[CP] Check Pods Manifest.lock";
			outputPaths = (
			);
			runOnlyForDeploymentPostprocessing = 0;
			shellPath = /bin/sh;
			shellScript = "diff \"${PODS_ROOT}/../Podfile.lock\" \"${PODS_ROOT}/Manifest.lock\" > /dev/null\nif [ $? != 0 ] ; then\n    # print error to STDERR\n    echo \"error: The sandbox is not in sync with the Podfile.lock. Run 'pod install' or update your CocoaPods installation.\" >&2\n    exit 1\nfi\n";
			showEnvVarsInLog = 0;
		};
		959E5803D34F182CF36F271E /* [CP] Copy Pods Resources */ = {
			isa = PBXShellScriptBuildPhase;
			buildActionMask = 2147483647;
			files = (
			);
			inputPaths = (
			);
			name = "[CP] Copy Pods Resources";
			outputPaths = (
			);
			runOnlyForDeploymentPostprocessing = 0;
			shellPath = /bin/sh;
			shellScript = "\"${SRCROOT}/Pods/Target Support Files/Pods-SwiftTestTests/Pods-SwiftTestTests-resources.sh\"\n";
			showEnvVarsInLog = 0;
		};
		DFEC0EA93627B5497624439D /* [CP] Copy Pods Resources */ = {
			isa = PBXShellScriptBuildPhase;
			buildActionMask = 2147483647;
			files = (
			);
			inputPaths = (
			);
			name = "[CP] Copy Pods Resources";
			outputPaths = (
			);
			runOnlyForDeploymentPostprocessing = 0;
			shellPath = /bin/sh;
			shellScript = "\"${SRCROOT}/Pods/Target Support Files/Pods-SwiftTestUITests/Pods-SwiftTestUITests-resources.sh\"\n";
			showEnvVarsInLog = 0;
		};
		E88901F53809BED39CDF095B /* [CP] Embed Pods Frameworks */ = {
			isa = PBXShellScriptBuildPhase;
			buildActionMask = 2147483647;
			files = (
			);
			inputPaths = (
			);
			name = "[CP] Embed Pods Frameworks";
			outputPaths = (
			);
			runOnlyForDeploymentPostprocessing = 0;
			shellPath = /bin/sh;
			shellScript = "\"${SRCROOT}/Pods/Target Support Files/Pods-SwiftTest/Pods-SwiftTest-frameworks.sh\"\n";
			showEnvVarsInLog = 0;
		};
/* End PBXShellScriptBuildPhase section */

/* Begin PBXSourcesBuildPhase section */
		CDC91CA21E5731EF00F4D6BF /* Sources */ = {
			isa = PBXSourcesBuildPhase;
			buildActionMask = 2147483647;
			files = (
				CDFE104D1E5891BD0017237D /* HomeVC.swift in Sources */,
				CDC91CEB1E57376C00F4D6BF /* AppDelegate.swift in Sources */,
				CD7C06B41E59958F00B80DDD /* CallDetailVC.swift in Sources */,
				CD5948791E5C73A000B6B58C /* Character.swift in Sources */,
				CDFE10531E5929630017237D /* HomeCell.swift in Sources */,
				CD5948771E5C6EE100B6B58C /* Define.swift in Sources */,
			);
			runOnlyForDeploymentPostprocessing = 0;
		};
		CDC91CB61E5731F000F4D6BF /* Sources */ = {
			isa = PBXSourcesBuildPhase;
			buildActionMask = 2147483647;
			files = (
				CDC91CBF1E5731F000F4D6BF /* SwiftTestTests.swift in Sources */,
			);
			runOnlyForDeploymentPostprocessing = 0;
		};
		CDC91CC11E5731F000F4D6BF /* Sources */ = {
			isa = PBXSourcesBuildPhase;
			buildActionMask = 2147483647;
			files = (
				CDC91CCA1E5731F000F4D6BF /* SwiftTestUITests.swift in Sources */,
			);
			runOnlyForDeploymentPostprocessing = 0;
		};
/* End PBXSourcesBuildPhase section */

/* Begin PBXTargetDependency section */
		CDC91CBC1E5731F000F4D6BF /* PBXTargetDependency */ = {
			isa = PBXTargetDependency;
			target = CDC91CA51E5731EF00F4D6BF /* SwiftTest */;
			targetProxy = CDC91CBB1E5731F000F4D6BF /* PBXContainerItemProxy */;
		};
		CDC91CC71E5731F000F4D6BF /* PBXTargetDependency */ = {
			isa = PBXTargetDependency;
			target = CDC91CA51E5731EF00F4D6BF /* SwiftTest */;
			targetProxy = CDC91CC61E5731F000F4D6BF /* PBXContainerItemProxy */;
		};
/* End PBXTargetDependency section */

/* Begin XCBuildConfiguration section */
		CDC91CCC1E5731F000F4D6BF /* Debug */ = {
			isa = XCBuildConfiguration;
			buildSettings = {
				ALWAYS_SEARCH_USER_PATHS = NO;
				CLANG_ANALYZER_NONNULL = YES;
				CLANG_CXX_LANGUAGE_STANDARD = "gnu++0x";
				CLANG_CXX_LIBRARY = "libc++";
				CLANG_ENABLE_MODULES = YES;
				CLANG_ENABLE_OBJC_ARC = YES;
				CLANG_WARN_BOOL_CONVERSION = YES;
				CLANG_WARN_CONSTANT_CONVERSION = YES;
				CLANG_WARN_DIRECT_OBJC_ISA_USAGE = YES_ERROR;
				CLANG_WARN_DOCUMENTATION_COMMENTS = YES;
				CLANG_WARN_EMPTY_BODY = YES;
				CLANG_WARN_ENUM_CONVERSION = YES;
				CLANG_WARN_INFINITE_RECURSION = YES;
				CLANG_WARN_INT_CONVERSION = YES;
				CLANG_WARN_OBJC_ROOT_CLASS = YES_ERROR;
				CLANG_WARN_SUSPICIOUS_MOVE = YES;
				CLANG_WARN_UNREACHABLE_CODE = YES;
				CLANG_WARN__DUPLICATE_METHOD_MATCH = YES;
				"CODE_SIGN_IDENTITY[sdk=iphoneos*]" = "iPhone Developer";
				COPY_PHASE_STRIP = NO;
				DEBUG_INFORMATION_FORMAT = dwarf;
				ENABLE_STRICT_OBJC_MSGSEND = YES;
				ENABLE_TESTABILITY = YES;
				GCC_C_LANGUAGE_STANDARD = gnu99;
				GCC_DYNAMIC_NO_PIC = NO;
				GCC_NO_COMMON_BLOCKS = YES;
				GCC_OPTIMIZATION_LEVEL = 0;
				GCC_PREPROCESSOR_DEFINITIONS = (
					"DEBUG=1",
					"$(inherited)",
				);
				GCC_WARN_64_TO_32_BIT_CONVERSION = YES;
				GCC_WARN_ABOUT_RETURN_TYPE = YES_ERROR;
				GCC_WARN_UNDECLARED_SELECTOR = YES;
				GCC_WARN_UNINITIALIZED_AUTOS = YES_AGGRESSIVE;
				GCC_WARN_UNUSED_FUNCTION = YES;
				GCC_WARN_UNUSED_VARIABLE = YES;
				IPHONEOS_DEPLOYMENT_TARGET = 10.2;
				MTL_ENABLE_DEBUG_INFO = YES;
				ONLY_ACTIVE_ARCH = YES;
				SDKROOT = iphoneos;
				SWIFT_ACTIVE_COMPILATION_CONDITIONS = DEBUG;
				SWIFT_OPTIMIZATION_LEVEL = "-Onone";
				TARGETED_DEVICE_FAMILY = "1,2";
			};
			name = Debug;
		};
		CDC91CCD1E5731F000F4D6BF /* Release */ = {
			isa = XCBuildConfiguration;
			buildSettings = {
				ALWAYS_SEARCH_USER_PATHS = NO;
				CLANG_ANALYZER_NONNULL = YES;
				CLANG_CXX_LANGUAGE_STANDARD = "gnu++0x";
				CLANG_CXX_LIBRARY = "libc++";
				CLANG_ENABLE_MODULES = YES;
				CLANG_ENABLE_OBJC_ARC = YES;
				CLANG_WARN_BOOL_CONVERSION = YES;
				CLANG_WARN_CONSTANT_CONVERSION = YES;
				CLANG_WARN_DIRECT_OBJC_ISA_USAGE = YES_ERROR;
				CLANG_WARN_DOCUMENTATION_COMMENTS = YES;
				CLANG_WARN_EMPTY_BODY = YES;
				CLANG_WARN_ENUM_CONVERSION = YES;
				CLANG_WARN_INFINITE_RECURSION = YES;
				CLANG_WARN_INT_CONVERSION = YES;
				CLANG_WARN_OBJC_ROOT_CLASS = YES_ERROR;
				CLANG_WARN_SUSPICIOUS_MOVE = YES;
				CLANG_WARN_UNREACHABLE_CODE = YES;
				CLANG_WARN__DUPLICATE_METHOD_MATCH = YES;
				"CODE_SIGN_IDENTITY[sdk=iphoneos*]" = "iPhone Developer";
				COPY_PHASE_STRIP = NO;
				DEBUG_INFORMATION_FORMAT = "dwarf-with-dsym";
				ENABLE_NS_ASSERTIONS = NO;
				ENABLE_STRICT_OBJC_MSGSEND = YES;
				GCC_C_LANGUAGE_STANDARD = gnu99;
				GCC_NO_COMMON_BLOCKS = YES;
				GCC_WARN_64_TO_32_BIT_CONVERSION = YES;
				GCC_WARN_ABOUT_RETURN_TYPE = YES_ERROR;
				GCC_WARN_UNDECLARED_SELECTOR = YES;
				GCC_WARN_UNINITIALIZED_AUTOS = YES_AGGRESSIVE;
				GCC_WARN_UNUSED_FUNCTION = YES;
				GCC_WARN_UNUSED_VARIABLE = YES;
				IPHONEOS_DEPLOYMENT_TARGET = 10.2;
				MTL_ENABLE_DEBUG_INFO = NO;
				SDKROOT = iphoneos;
				SWIFT_OPTIMIZATION_LEVEL = "-Owholemodule";
				TARGETED_DEVICE_FAMILY = "1,2";
				VALIDATE_PRODUCT = YES;
			};
			name = Release;
		};
		CDC91CCF1E5731F000F4D6BF /* Debug */ = {
			isa = XCBuildConfiguration;
			baseConfigurationReference = 3D84C56AAF854C3E6F6D19EC /* Pods-SwiftTest.debug.xcconfig */;
			buildSettings = {
				ASSETCATALOG_COMPILER_APPICON_NAME = AppIcon;
				CLANG_ENABLE_MODULES = YES;
				INFOPLIST_FILE = SwiftTest/Info.plist;
				LD_RUNPATH_SEARCH_PATHS = "$(inherited) @executable_path/Frameworks";
				PRODUCT_BUNDLE_IDENTIFIER = MediaActive.SwiftTest;
				PRODUCT_NAME = "$(TARGET_NAME)";
				SWIFT_OBJC_BRIDGING_HEADER = "SwiftTest/Supports/SwiftTest-Bridging-Header.h";
				SWIFT_OPTIMIZATION_LEVEL = "-Onone";
				SWIFT_VERSION = 3.0;
			};
			name = Debug;
		};
		CDC91CD01E5731F000F4D6BF /* Release */ = {
			isa = XCBuildConfiguration;
			baseConfigurationReference = D6049119E23A96F17C252FAA /* Pods-SwiftTest.release.xcconfig */;
			buildSettings = {
				ASSETCATALOG_COMPILER_APPICON_NAME = AppIcon;
				CLANG_ENABLE_MODULES = YES;
				INFOPLIST_FILE = SwiftTest/Info.plist;
				LD_RUNPATH_SEARCH_PATHS = "$(inherited) @executable_path/Frameworks";
				PRODUCT_BUNDLE_IDENTIFIER = MediaActive.SwiftTest;
				PRODUCT_NAME = "$(TARGET_NAME)";
				SWIFT_OBJC_BRIDGING_HEADER = "SwiftTest/Supports/SwiftTest-Bridging-Header.h";
				SWIFT_VERSION = 3.0;
			};
			name = Release;
		};
		CDC91CD21E5731F000F4D6BF /* Debug */ = {
			isa = XCBuildConfiguration;
			baseConfigurationReference = A2536BBA6E6559566794EE3D /* Pods-SwiftTestTests.debug.xcconfig */;
			buildSettings = {
				ALWAYS_EMBED_SWIFT_STANDARD_LIBRARIES = YES;
				BUNDLE_LOADER = "$(TEST_HOST)";
				INFOPLIST_FILE = SwiftTestTests/Info.plist;
				LD_RUNPATH_SEARCH_PATHS = "$(inherited) @executable_path/Frameworks @loader_path/Frameworks";
				PRODUCT_BUNDLE_IDENTIFIER = MediaActive.SwiftTestTests;
				PRODUCT_NAME = "$(TARGET_NAME)";
				SWIFT_VERSION = 3.0;
				TEST_HOST = "$(BUILT_PRODUCTS_DIR)/SwiftTest.app/SwiftTest";
			};
			name = Debug;
		};
		CDC91CD31E5731F000F4D6BF /* Release */ = {
			isa = XCBuildConfiguration;
			baseConfigurationReference = 8B3F94001AAF11A055A74D20 /* Pods-SwiftTestTests.release.xcconfig */;
			buildSettings = {
				ALWAYS_EMBED_SWIFT_STANDARD_LIBRARIES = YES;
				BUNDLE_LOADER = "$(TEST_HOST)";
				INFOPLIST_FILE = SwiftTestTests/Info.plist;
				LD_RUNPATH_SEARCH_PATHS = "$(inherited) @executable_path/Frameworks @loader_path/Frameworks";
				PRODUCT_BUNDLE_IDENTIFIER = MediaActive.SwiftTestTests;
				PRODUCT_NAME = "$(TARGET_NAME)";
				SWIFT_VERSION = 3.0;
				TEST_HOST = "$(BUILT_PRODUCTS_DIR)/SwiftTest.app/SwiftTest";
			};
			name = Release;
		};
		CDC91CD51E5731F000F4D6BF /* Debug */ = {
			isa = XCBuildConfiguration;
			baseConfigurationReference = 8054C254C6DD9111CB72628B /* Pods-SwiftTestUITests.debug.xcconfig */;
			buildSettings = {
				ALWAYS_EMBED_SWIFT_STANDARD_LIBRARIES = YES;
				INFOPLIST_FILE = SwiftTestUITests/Info.plist;
				LD_RUNPATH_SEARCH_PATHS = "$(inherited) @executable_path/Frameworks @loader_path/Frameworks";
				PRODUCT_BUNDLE_IDENTIFIER = MediaActive.SwiftTestUITests;
				PRODUCT_NAME = "$(TARGET_NAME)";
				SWIFT_VERSION = 3.0;
				TEST_TARGET_NAME = SwiftTest;
			};
			name = Debug;
		};
		CDC91CD61E5731F000F4D6BF /* Release */ = {
			isa = XCBuildConfiguration;
			baseConfigurationReference = 77640176CCDEBFE2454B4E0E /* Pods-SwiftTestUITests.release.xcconfig */;
			buildSettings = {
				ALWAYS_EMBED_SWIFT_STANDARD_LIBRARIES = YES;
				INFOPLIST_FILE = SwiftTestUITests/Info.plist;
				LD_RUNPATH_SEARCH_PATHS = "$(inherited) @executable_path/Frameworks @loader_path/Frameworks";
				PRODUCT_BUNDLE_IDENTIFIER = MediaActive.SwiftTestUITests;
				PRODUCT_NAME = "$(TARGET_NAME)";
				SWIFT_VERSION = 3.0;
				TEST_TARGET_NAME = SwiftTest;
			};
			name = Release;
		};
/* End XCBuildConfiguration section */

/* Begin XCConfigurationList section */
		CDC91CA11E5731EF00F4D6BF /* Build configuration list for PBXProject "SwiftTest" */ = {
			isa = XCConfigurationList;
			buildConfigurations = (
				CDC91CCC1E5731F000F4D6BF /* Debug */,
				CDC91CCD1E5731F000F4D6BF /* Release */,
			);
			defaultConfigurationIsVisible = 0;
			defaultConfigurationName = Release;
		};
		CDC91CCE1E5731F000F4D6BF /* Build configuration list for PBXNativeTarget "SwiftTest" */ = {
			isa = XCConfigurationList;
			buildConfigurations = (
				CDC91CCF1E5731F000F4D6BF /* Debug */,
				CDC91CD01E5731F000F4D6BF /* Release */,
			);
			defaultConfigurationIsVisible = 0;
			defaultConfigurationName = Release;
		};
		CDC91CD11E5731F000F4D6BF /* Build configuration list for PBXNativeTarget "SwiftTestTests" */ = {
			isa = XCConfigurationList;
			buildConfigurations = (
				CDC91CD21E5731F000F4D6BF /* Debug */,
				CDC91CD31E5731F000F4D6BF /* Release */,
			);
			defaultConfigurationIsVisible = 0;
			defaultConfigurationName = Release;
		};
		CDC91CD41E5731F000F4D6BF /* Build configuration list for PBXNativeTarget "SwiftTestUITests" */ = {
			isa = XCConfigurationList;
			buildConfigurations = (
				CDC91CD51E5731F000F4D6BF /* Debug */,
				CDC91CD61E5731F000F4D6BF /* Release */,
			);
			defaultConfigurationIsVisible = 0;
			defaultConfigurationName = Release;
		};
/* End XCConfigurationList section */
	};
	rootObject = CDC91C9E1E5731EF00F4D6BF /* Project object */;
}
